// !$*UTF8*$!
{
	archiveVersion = 1;
	classes = {
	};
	objectVersion = 56;
	objects = {

/* Begin PBXBuildFile section */
		0D1E205429F10C9E00409FE3 /* AvatarApp.swift in Sources */ = {isa = PBXBuildFile; fileRef = 0D1E205329F10C9E00409FE3 /* AvatarApp.swift */; };
		0D1E205629F10C9E00409FE3 /* ContentView.swift in Sources */ = {isa = PBXBuildFile; fileRef = 0D1E205529F10C9E00409FE3 /* ContentView.swift */; };
		0D1E205829F10C9E00409FE3 /* Assets.xcassets in Resources */ = {isa = PBXBuildFile; fileRef = 0D1E205729F10C9E00409FE3 /* Assets.xcassets */; };
		0D1E205B29F10C9E00409FE3 /* Preview Assets.xcassets in Resources */ = {isa = PBXBuildFile; fileRef = 0D1E205A29F10C9E00409FE3 /* Preview Assets.xcassets */; };
		0D1E206229F10CB400409FE3 /* RandomNumber.swift in Sources */ = {isa = PBXBuildFile; fileRef = 0D1E206129F10CB400409FE3 /* RandomNumber.swift */; };
		0D276FAC29F1B25F0016002C /* RandomAvatar.swift in Sources */ = {isa = PBXBuildFile; fileRef = 0D276FAB29F1B25F0016002C /* RandomAvatar.swift */; };
		0D276FAE29F1B2D00016002C /* WebView.swift in Sources */ = {isa = PBXBuildFile; fileRef = 0D276FAD29F1B2D00016002C /* WebView.swift */; };
		0D276FB029F1BA970016002C /* GenerateSVG.swift in Sources */ = {isa = PBXBuildFile; fileRef = 0D276FAF29F1BA970016002C /* GenerateSVG.swift */; };
		31F2B0894BF514DCC15F7C6F /* README.md in Sources */ = {isa = PBXBuildFile; fileRef = 31F2B47BF4787F31914BAF93 /* README.md */; };
		31F2BA448A96FD027975FDB4 /* .gitignore in Resources */ = {isa = PBXBuildFile; fileRef = 31F2B617B6747A7085A7F72E /* .gitignore */; };
		F38CD24EB49B91BF076C5B08 /* Pods_Avatar.framework in Frameworks */ = {isa = PBXBuildFile; fileRef = 7558DDD7C534E17128A4040E /* Pods_Avatar.framework */; };
/* End PBXBuildFile section */

/* Begin PBXFileReference section */
		0D1E205029F10C9E00409FE3 /* Avatar.app */ = {isa = PBXFileReference; explicitFileType = wrapper.application; includeInIndex = 0; path = Avatar.app; sourceTree = BUILT_PRODUCTS_DIR; };
		0D1E205329F10C9E00409FE3 /* AvatarApp.swift */ = {isa = PBXFileReference; lastKnownFileType = sourcecode.swift; path = AvatarApp.swift; sourceTree = "<group>"; };
		0D1E205529F10C9E00409FE3 /* ContentView.swift */ = {isa = PBXFileReference; lastKnownFileType = sourcecode.swift; path = ContentView.swift; sourceTree = "<group>"; };
		0D1E205729F10C9E00409FE3 /* Assets.xcassets */ = {isa = PBXFileReference; lastKnownFileType = folder.assetcatalog; path = Assets.xcassets; sourceTree = "<group>"; };
		0D1E205A29F10C9E00409FE3 /* Preview Assets.xcassets */ = {isa = PBXFileReference; lastKnownFileType = folder.assetcatalog; path = "Preview Assets.xcassets"; sourceTree = "<group>"; };
		0D1E206129F10CB400409FE3 /* RandomNumber.swift */ = {isa = PBXFileReference; lastKnownFileType = sourcecode.swift; path = RandomNumber.swift; sourceTree = "<group>"; };
		0D276FAB29F1B25F0016002C /* RandomAvatar.swift */ = {isa = PBXFileReference; lastKnownFileType = sourcecode.swift; path = RandomAvatar.swift; sourceTree = "<group>"; };
		0D276FAD29F1B2D00016002C /* WebView.swift */ = {isa = PBXFileReference; lastKnownFileType = sourcecode.swift; path = WebView.swift; sourceTree = "<group>"; };
		0D276FAF29F1BA970016002C /* GenerateSVG.swift */ = {isa = PBXFileReference; lastKnownFileType = sourcecode.swift; path = GenerateSVG.swift; sourceTree = "<group>"; };
		31F2B47BF4787F31914BAF93 /* README.md */ = {isa = PBXFileReference; fileEncoding = 4; lastKnownFileType = net.daringfireball.markdown; path = README.md; sourceTree = "<group>"; };
		31F2B617B6747A7085A7F72E /* .gitignore */ = {isa = PBXFileReference; lastKnownFileType = file.gitignore; path = .gitignore; sourceTree = "<group>"; };
		47C04175645857AF4C839CDC /* Pods-Avatar.release.xcconfig */ = {isa = PBXFileReference; includeInIndex = 1; lastKnownFileType = text.xcconfig; name = "Pods-Avatar.release.xcconfig"; path = "Target Support Files/Pods-Avatar/Pods-Avatar.release.xcconfig"; sourceTree = "<group>"; };
		63A04DBEDDE3562C50F320DD /* Pods-Avatar.debug.xcconfig */ = {isa = PBXFileReference; includeInIndex = 1; lastKnownFileType = text.xcconfig; name = "Pods-Avatar.debug.xcconfig"; path = "Target Support Files/Pods-Avatar/Pods-Avatar.debug.xcconfig"; sourceTree = "<group>"; };
		7558DDD7C534E17128A4040E /* Pods_Avatar.framework */ = {isa = PBXFileReference; explicitFileType = wrapper.framework; includeInIndex = 0; path = Pods_Avatar.framework; sourceTree = BUILT_PRODUCTS_DIR; };
/* End PBXFileReference section */

/* Begin PBXFrameworksBuildPhase section */
		0D1E204D29F10C9E00409FE3 /* Frameworks */ = {
			isa = PBXFrameworksBuildPhase;
			buildActionMask = 2147483647;
			files = (
				F38CD24EB49B91BF076C5B08 /* Pods_Avatar.framework in Frameworks */,
			);
			runOnlyForDeploymentPostprocessing = 0;
		};
/* End PBXFrameworksBuildPhase section */

/* Begin PBXGroup section */
		0D1E204729F10C9E00409FE3 = {
			isa = PBXGroup;
			children = (
				0D1E205229F10C9E00409FE3 /* Avatar */,
				0D1E205129F10C9E00409FE3 /* Products */,
				EACAD27B109524C833637C1F /* Pods */,
				79375EB854D6455C36FC2A19 /* Frameworks */,
				31F2B47BF4787F31914BAF93 /* README.md */,
				31F2B617B6747A7085A7F72E /* .gitignore */,
			);
			sourceTree = "<group>";
		};
		0D1E205129F10C9E00409FE3 /* Products */ = {
			isa = PBXGroup;
			children = (
				0D1E205029F10C9E00409FE3 /* Avatar.app */,
			);
			name = Products;
			sourceTree = "<group>";
		};
		0D1E205229F10C9E00409FE3 /* Avatar */ = {
			isa = PBXGroup;
			children = (
				0D1E206129F10CB400409FE3 /* RandomNumber.swift */,
				0D276FAB29F1B25F0016002C /* RandomAvatar.swift */,
				0D1E205329F10C9E00409FE3 /* AvatarApp.swift */,
				0D276FAD29F1B2D00016002C /* WebView.swift */,
				0D276FAF29F1BA970016002C /* GenerateSVG.swift */,
				0D1E205529F10C9E00409FE3 /* ContentView.swift */,
				0D1E205729F10C9E00409FE3 /* Assets.xcassets */,
				0D1E205929F10C9E00409FE3 /* Preview Content */,
			);
			path = Avatar;
			sourceTree = "<group>";
		};
		0D1E205929F10C9E00409FE3 /* Preview Content */ = {
			isa = PBXGroup;
			children = (
				0D1E205A29F10C9E00409FE3 /* Preview Assets.xcassets */,
			);
			path = "Preview Content";
			sourceTree = "<group>";
		};
		79375EB854D6455C36FC2A19 /* Frameworks */ = {
			isa = PBXGroup;
			children = (
				7558DDD7C534E17128A4040E /* Pods_Avatar.framework */,
			);
			name = Frameworks;
			sourceTree = "<group>";
		};
		EACAD27B109524C833637C1F /* Pods */ = {
			isa = PBXGroup;
			children = (
				63A04DBEDDE3562C50F320DD /* Pods-Avatar.debug.xcconfig */,
				47C04175645857AF4C839CDC /* Pods-Avatar.release.xcconfig */,
			);
			path = Pods;
			sourceTree = "<group>";
		};
/* End PBXGroup section */

/* Begin PBXNativeTarget section */
		0D1E204F29F10C9E00409FE3 /* Avatar */ = {
			isa = PBXNativeTarget;
			buildConfigurationList = 0D1E205E29F10C9E00409FE3 /* Build configuration list for PBXNativeTarget "Avatar" */;
			buildPhases = (
				C54C5A1D78794BBA76A480CE /* [CP] Check Pods Manifest.lock */,
				0D1E204C29F10C9E00409FE3 /* Sources */,
				0D1E204D29F10C9E00409FE3 /* Frameworks */,
				0D1E204E29F10C9E00409FE3 /* Resources */,
				0E65F56B89B576C0C988CE7F /* [CP] Embed Pods Frameworks */,
			);
			buildRules = (
			);
			dependencies = (
			);
			name = Avatar;
			productName = Avatar;
			productReference = 0D1E205029F10C9E00409FE3 /* Avatar.app */;
			productType = "com.apple.product-type.application";
		};
/* End PBXNativeTarget section */

/* Begin PBXProject section */
		0D1E204829F10C9E00409FE3 /* Project object */ = {
			isa = PBXProject;
			attributes = {
				BuildIndependentTargetsInParallel = 1;
				LastSwiftUpdateCheck = 1430;
				LastUpgradeCheck = 1430;
				TargetAttributes = {
					0D1E204F29F10C9E00409FE3 = {
						CreatedOnToolsVersion = 14.3;
					};
				};
			};
			buildConfigurationList = 0D1E204B29F10C9E00409FE3 /* Build configuration list for PBXProject "Avatar" */;
			compatibilityVersion = "Xcode 14.0";
			developmentRegion = en;
			hasScannedForEncodings = 0;
			knownRegions = (
				en,
				Base,
			);
			mainGroup = 0D1E204729F10C9E00409FE3;
			productRefGroup = 0D1E205129F10C9E00409FE3 /* Products */;
			projectDirPath = "";
			projectRoot = "";
			targets = (
				0D1E204F29F10C9E00409FE3 /* Avatar */,
			);
		};
/* End PBXProject section */

/* Begin PBXResourcesBuildPhase section */
		0D1E204E29F10C9E00409FE3 /* Resources */ = {
			isa = PBXResourcesBuildPhase;
			buildActionMask = 2147483647;
			files = (
				0D1E205B29F10C9E00409FE3 /* Preview Assets.xcassets in Resources */,
				0D1E205829F10C9E00409FE3 /* Assets.xcassets in Resources */,
				31F2BA448A96FD027975FDB4 /* .gitignore in Resources */,
			);
			runOnlyForDeploymentPostprocessing = 0;
		};
/* End PBXResourcesBuildPhase section */

/* Begin PBXShellScriptBuildPhase section */
		0E65F56B89B576C0C988CE7F /* [CP] Embed Pods Frameworks */ = {
			isa = PBXShellScriptBuildPhase;
			buildActionMask = 2147483647;
			files = (
			);
			inputFileListPaths = (
				"${PODS_ROOT}/Target Support Files/Pods-Avatar/Pods-Avatar-frameworks-${CONFIGURATION}-input-files.xcfilelist",
			);
			name = "[CP] Embed Pods Frameworks";
			outputFileListPaths = (
				"${PODS_ROOT}/Target Support Files/Pods-Avatar/Pods-Avatar-frameworks-${CONFIGURATION}-output-files.xcfilelist",
			);
			runOnlyForDeploymentPostprocessing = 0;
			shellPath = /bin/sh;
			shellScript = "\"${PODS_ROOT}/Target Support Files/Pods-Avatar/Pods-Avatar-frameworks.sh\"\n";
			showEnvVarsInLog = 0;
		};
		C54C5A1D78794BBA76A480CE /* [CP] Check Pods Manifest.lock */ = {
			isa = PBXShellScriptBuildPhase;
			buildActionMask = 2147483647;
			files = (
			);
			inputFileListPaths = (
			);
			inputPaths = (
				"${PODS_PODFILE_DIR_PATH}/Podfile.lock",
				"${PODS_ROOT}/Manifest.lock",
			);
			name = "[CP] Check Pods Manifest.lock";
			outputFileListPaths = (
			);
			outputPaths = (
				"$(DERIVED_FILE_DIR)/Pods-Avatar-checkManifestLockResult.txt",
			);
			runOnlyForDeploymentPostprocessing = 0;
			shellPath = /bin/sh;
			shellScript = "diff \"${PODS_PODFILE_DIR_PATH}/Podfile.lock\" \"${PODS_ROOT}/Manifest.lock\" > /dev/null\nif [ $? != 0 ] ; then\n    # print error to STDERR\n    echo \"error: The sandbox is not in sync with the Podfile.lock. Run 'pod install' or update your CocoaPods installation.\" >&2\n    exit 1\nfi\n# This output is used by Xcode 'outputs' to avoid re-running this script phase.\necho \"SUCCESS\" > \"${SCRIPT_OUTPUT_FILE_0}\"\n";
			showEnvVarsInLog = 0;
		};
/* End PBXShellScriptBuildPhase section */

/* Begin PBXSourcesBuildPhase section */
		0D1E204C29F10C9E00409FE3 /* Sources */ = {
			isa = PBXSourcesBuildPhase;
			buildActionMask = 2147483647;
			files = (
				0D1E205629F10C9E00409FE3 /* ContentView.swift in Sources */,
				0D276FB029F1BA970016002C /* GenerateSVG.swift in Sources */,
				0D276FAE29F1B2D00016002C /* WebView.swift in Sources */,
				0D276FAC29F1B25F0016002C /* RandomAvatar.swift in Sources */,
				0D1E205429F10C9E00409FE3 /* AvatarApp.swift in Sources */,
				0D1E206229F10CB400409FE3 /* RandomNumber.swift in Sources */,
				31F2B0894BF514DCC15F7C6F /* README.md in Sources */,
			);
			runOnlyForDeploymentPostprocessing = 0;
		};
/* End PBXSourcesBuildPhase section */

/* Begin XCBuildConfiguration section */
		0D1E205C29F10C9E00409FE3 /* Debug */ = {
			isa = XCBuildConfiguration;
			buildSettings = {
				ALWAYS_SEARCH_USER_PATHS = NO;
				CLANG_ANALYZER_NONNULL = YES;
				CLANG_ANALYZER_NUMBER_OBJECT_CONVERSION = YES_AGGRESSIVE;
				CLANG_CXX_LANGUAGE_STANDARD = "gnu++20";
				CLANG_ENABLE_MODULES = YES;
				CLANG_ENABLE_OBJC_ARC = YES;
				CLANG_ENABLE_OBJC_WEAK = YES;
				CLANG_WARN_BLOCK_CAPTURE_AUTORELEASING = YES;
				CLANG_WARN_BOOL_CONVERSION = YES;
				CLANG_WARN_COMMA = YES;
				CLANG_WARN_CONSTANT_CONVERSION = YES;
				CLANG_WARN_DEPRECATED_OBJC_IMPLEMENTATIONS = YES;
				CLANG_WARN_DIRECT_OBJC_ISA_USAGE = YES_ERROR;
				CLANG_WARN_DOCUMENTATION_COMMENTS = YES;
				CLANG_WARN_EMPTY_BODY = YES;
				CLANG_WARN_ENUM_CONVERSION = YES;
				CLANG_WARN_INFINITE_RECURSION = YES;
				CLANG_WARN_INT_CONVERSION = YES;
				CLANG_WARN_NON_LITERAL_NULL_CONVERSION = YES;
				CLANG_WARN_OBJC_IMPLICIT_RETAIN_SELF = YES;
				CLANG_WARN_OBJC_LITERAL_CONVERSION = YES;
				CLANG_WARN_OBJC_ROOT_CLASS = YES_ERROR;
				CLANG_WARN_QUOTED_INCLUDE_IN_FRAMEWORK_HEADER = YES;
				CLANG_WARN_RANGE_LOOP_ANALYSIS = YES;
				CLANG_WARN_STRICT_PROTOTYPES = YES;
				CLANG_WARN_SUSPICIOUS_MOVE = YES;
				CLANG_WARN_UNGUARDED_AVAILABILITY = YES_AGGRESSIVE;
				CLANG_WARN_UNREACHABLE_CODE = YES;
				CLANG_WARN__DUPLICATE_METHOD_MATCH = YES;
				COPY_PHASE_STRIP = NO;
				DEBUG_INFORMATION_FORMAT = dwarf;
				ENABLE_STRICT_OBJC_MSGSEND = YES;
				ENABLE_TESTABILITY = YES;
				GCC_C_LANGUAGE_STANDARD = gnu11;
				GCC_DYNAMIC_NO_PIC = NO;
				GCC_NO_COMMON_BLOCKS = YES;
				GCC_OPTIMIZATION_LEVEL = 0;
				GCC_PREPROCESSOR_DEFINITIONS = (
					"DEBUG=1",
					"$(inherited)",
				);
				GCC_WARN_64_TO_32_BIT_CONVERSION = YES;
				GCC_WARN_ABOUT_RETURN_TYPE = YES_ERROR;
				GCC_WARN_UNDECLARED_SELECTOR = YES;
				GCC_WARN_UNINITIALIZED_AUTOS = YES_AGGRESSIVE;
				GCC_WARN_UNUSED_FUNCTION = YES;
				GCC_WARN_UNUSED_VARIABLE = YES;
				IPHONEOS_DEPLOYMENT_TARGET = 16.4;
				MTL_ENABLE_DEBUG_INFO = INCLUDE_SOURCE;
				MTL_FAST_MATH = YES;
				ONLY_ACTIVE_ARCH = YES;
				SDKROOT = iphoneos;
				SWIFT_ACTIVE_COMPILATION_CONDITIONS = DEBUG;
				SWIFT_OPTIMIZATION_LEVEL = "-Onone";
			};
			name = Debug;
		};
		0D1E205D29F10C9E00409FE3 /* Release */ = {
			isa = XCBuildConfiguration;
			buildSettings = {
				ALWAYS_SEARCH_USER_PATHS = NO;
				CLANG_ANALYZER_NONNULL = YES;
				CLANG_ANALYZER_NUMBER_OBJECT_CONVERSION = YES_AGGRESSIVE;
				CLANG_CXX_LANGUAGE_STANDARD = "gnu++20";
				CLANG_ENABLE_MODULES = YES;
				CLANG_ENABLE_OBJC_ARC = YES;
				CLANG_ENABLE_OBJC_WEAK = YES;
				CLANG_WARN_BLOCK_CAPTURE_AUTORELEASING = YES;
				CLANG_WARN_BOOL_CONVERSION = YES;
				CLANG_WARN_COMMA = YES;
				CLANG_WARN_CONSTANT_CONVERSION = YES;
				CLANG_WARN_DEPRECATED_OBJC_IMPLEMENTATIONS = YES;
				CLANG_WARN_DIRECT_OBJC_ISA_USAGE = YES_ERROR;
				CLANG_WARN_DOCUMENTATION_COMMENTS = YES;
				CLANG_WARN_EMPTY_BODY = YES;
				CLANG_WARN_ENUM_CONVERSION = YES;
				CLANG_WARN_INFINITE_RECURSION = YES;
				CLANG_WARN_INT_CONVERSION = YES;
				CLANG_WARN_NON_LITERAL_NULL_CONVERSION = YES;
				CLANG_WARN_OBJC_IMPLICIT_RETAIN_SELF = YES;
				CLANG_WARN_OBJC_LITERAL_CONVERSION = YES;
				CLANG_WARN_OBJC_ROOT_CLASS = YES_ERROR;
				CLANG_WARN_QUOTED_INCLUDE_IN_FRAMEWORK_HEADER = YES;
				CLANG_WARN_RANGE_LOOP_ANALYSIS = YES;
				CLANG_WARN_STRICT_PROTOTYPES = YES;
				CLANG_WARN_SUSPICIOUS_MOVE = YES;
				CLANG_WARN_UNGUARDED_AVAILABILITY = YES_AGGRESSIVE;
				CLANG_WARN_UNREACHABLE_CODE = YES;
				CLANG_WARN__DUPLICATE_METHOD_MATCH = YES;
				COPY_PHASE_STRIP = NO;
				DEBUG_INFORMATION_FORMAT = "dwarf-with-dsym";
				ENABLE_NS_ASSERTIONS = NO;
				ENABLE_STRICT_OBJC_MSGSEND = YES;
				GCC_C_LANGUAGE_STANDARD = gnu11;
				GCC_NO_COMMON_BLOCKS = YES;
				GCC_WARN_64_TO_32_BIT_CONVERSION = YES;
				GCC_WARN_ABOUT_RETURN_TYPE = YES_ERROR;
				GCC_WARN_UNDECLARED_SELECTOR = YES;
				GCC_WARN_UNINITIALIZED_AUTOS = YES_AGGRESSIVE;
				GCC_WARN_UNUSED_FUNCTION = YES;
				GCC_WARN_UNUSED_VARIABLE = YES;
				IPHONEOS_DEPLOYMENT_TARGET = 16.4;
				MTL_ENABLE_DEBUG_INFO = NO;
				MTL_FAST_MATH = YES;
				SDKROOT = iphoneos;
				SWIFT_COMPILATION_MODE = wholemodule;
				SWIFT_OPTIMIZATION_LEVEL = "-O";
				VALIDATE_PRODUCT = YES;
			};
			name = Release;
		};
		0D1E205F29F10C9E00409FE3 /* Debug */ = {
			isa = XCBuildConfiguration;
			baseConfigurationReference = 63A04DBEDDE3562C50F320DD /* Pods-Avatar.debug.xcconfig */;
			buildSettings = {
				ASSETCATALOG_COMPILER_APPICON_NAME = AppIcon;
				ASSETCATALOG_COMPILER_GLOBAL_ACCENT_COLOR_NAME = AccentColor;
				CODE_SIGN_STYLE = Automatic;
				CURRENT_PROJECT_VERSION = 1;
				DEVELOPMENT_ASSET_PATHS = "\"Avatar/Preview Content\"";
				DEVELOPMENT_TEAM = 8Z29G67Z5G;
				ENABLE_PREVIEWS = YES;
				GENERATE_INFOPLIST_FILE = YES;
				INFOPLIST_KEY_UIApplicationSceneManifest_Generation = YES;
				INFOPLIST_KEY_UIApplicationSupportsIndirectInputEvents = YES;
				INFOPLIST_KEY_UILaunchScreen_Generation = YES;
				INFOPLIST_KEY_UISupportedInterfaceOrientations_iPad = "UIInterfaceOrientationPortrait UIInterfaceOrientationPortraitUpsideDown UIInterfaceOrientationLandscapeLeft UIInterfaceOrientationLandscapeRight";
				INFOPLIST_KEY_UISupportedInterfaceOrientations_iPhone = "UIInterfaceOrientationPortrait UIInterfaceOrientationLandscapeLeft UIInterfaceOrientationLandscapeRight";
				LD_RUNPATH_SEARCH_PATHS = (
					"$(inherited)",
					"@executable_path/Frameworks",
				);
				MARKETING_VERSION = 1.0;
				PRODUCT_BUNDLE_IDENTIFIER = com.test.Avatar;
				PRODUCT_NAME = "$(TARGET_NAME)";
				SWIFT_EMIT_LOC_STRINGS = YES;
				SWIFT_VERSION = 5.0;
				TARGETED_DEVICE_FAMILY = "1,2";
			};
			name = Debug;
		};
		0D1E206029F10C9E00409FE3 /* Release */ = {
			isa = XCBuildConfiguration;
			baseConfigurationReference = 47C04175645857AF4C839CDC /* Pods-Avatar.release.xcconfig */;
			buildSettings = {
				ASSETCATALOG_COMPILER_APPICON_NAME = AppIcon;
				ASSETCATALOG_COMPILER_GLOBAL_ACCENT_COLOR_NAME = AccentColor;
				CODE_SIGN_STYLE = Automatic;
				CURRENT_PROJECT_VERSION = 1;
				DEVELOPMENT_ASSET_PATHS = "\"Avatar/Preview Content\"";
				DEVELOPMENT_TEAM = 8Z29G67Z5G;
				ENABLE_PREVIEWS = YES;
				GENERATE_INFOPLIST_FILE = YES;
				INFOPLIST_KEY_UIApplicationSceneManifest_Generation = YES;
				INFOPLIST_KEY_UIApplicationSupportsIndirectInputEvents = YES;
				INFOPLIST_KEY_UILaunchScreen_Generation = YES;
				INFOPLIST_KEY_UISupportedInterfaceOrientations_iPad = "UIInterfaceOrientationPortrait UIInterfaceOrientationPortraitUpsideDown UIInterfaceOrientationLandscapeLeft UIInterfaceOrientationLandscapeRight";
				INFOPLIST_KEY_UISupportedInterfaceOrientations_iPhone = "UIInterfaceOrientationPortrait UIInterfaceOrientationLandscapeLeft UIInterfaceOrientationLandscapeRight";
				LD_RUNPATH_SEARCH_PATHS = (
					"$(inherited)",
					"@executable_path/Frameworks",
				);
				MARKETING_VERSION = 1.0;
				PRODUCT_BUNDLE_IDENTIFIER = com.test.Avatar;
				PRODUCT_NAME = "$(TARGET_NAME)";
				SWIFT_EMIT_LOC_STRINGS = YES;
				SWIFT_VERSION = 5.0;
				TARGETED_DEVICE_FAMILY = "1,2";
			};
			name = Release;
		};
/* End XCBuildConfiguration section */

/* Begin XCConfigurationList section */
		0D1E204B29F10C9E00409FE3 /* Build configuration list for PBXProject "Avatar" */ = {
			isa = XCConfigurationList;
			buildConfigurations = (
				0D1E205C29F10C9E00409FE3 /* Debug */,
				0D1E205D29F10C9E00409FE3 /* Release */,
			);
			defaultConfigurationIsVisible = 0;
			defaultConfigurationName = Release;
		};
		0D1E205E29F10C9E00409FE3 /* Build configuration list for PBXNativeTarget "Avatar" */ = {
			isa = XCConfigurationList;
			buildConfigurations = (
				0D1E205F29F10C9E00409FE3 /* Debug */,
				0D1E206029F10C9E00409FE3 /* Release */,
			);
			defaultConfigurationIsVisible = 0;
			defaultConfigurationName = Release;
		};
/* End XCConfigurationList section */
	};
	rootObject = 0D1E204829F10C9E00409FE3 /* Project object */;
}
